// !$*UTF8*$!
{
	archiveVersion = 1;
	classes = {
	};
	objectVersion = 46;
	objects = {

/* Begin PBXBuildFile section */
		3B089CD51CFF7A70002ADC41 /* Sample4.csv in Resources */ = {isa = PBXBuildFile; fileRef = 3B089CD11CFF7A70002ADC41 /* Sample4.csv */; };
		3B089CD71CFF7A70002ADC41 /* Sample1.csv in Resources */ = {isa = PBXBuildFile; fileRef = 3B089CD31CFF7A70002ADC41 /* Sample1.csv */; };
		3B089CD81CFF7A70002ADC41 /* Sample2.csv in Resources */ = {isa = PBXBuildFile; fileRef = 3B089CD41CFF7A70002ADC41 /* Sample2.csv */; };
		3B41F2491CD7DDE700A70AD8 /* MainViewController.swift in Sources */ = {isa = PBXBuildFile; fileRef = 3B41F2481CD7DDE700A70AD8 /* MainViewController.swift */; };
		3B6A27A51D1D86C200C57FCF /* JavaIntro.xml in Resources */ = {isa = PBXBuildFile; fileRef = 3B6A27A41D1D86C200C57FCF /* JavaIntro.xml */; };
		3B90DD8F1CD273B900BCD85A /* AppDelegate.swift in Sources */ = {isa = PBXBuildFile; fileRef = 3B90DD8E1CD273B900BCD85A /* AppDelegate.swift */; };
		3B90DD941CD273B900BCD85A /* Main.storyboard in Resources */ = {isa = PBXBuildFile; fileRef = 3B90DD921CD273B900BCD85A /* Main.storyboard */; };
		3B90DD961CD273B900BCD85A /* Assets.xcassets in Resources */ = {isa = PBXBuildFile; fileRef = 3B90DD951CD273B900BCD85A /* Assets.xcassets */; };
		3B90DD991CD273B900BCD85A /* LaunchScreen.storyboard in Resources */ = {isa = PBXBuildFile; fileRef = 3B90DD971CD273B900BCD85A /* LaunchScreen.storyboard */; };
		3B90DDA11CD275C800BCD85A /* CSVParser.swift in Sources */ = {isa = PBXBuildFile; fileRef = 3B90DDA01CD275C800BCD85A /* CSVParser.swift */; };
		3B90DDA41CD275E400BCD85A /* CloudLink.swift in Sources */ = {isa = PBXBuildFile; fileRef = 3B90DDA21CD275E400BCD85A /* CloudLink.swift */; };
		3B90DDA51CD275E400BCD85A /* Util.swift in Sources */ = {isa = PBXBuildFile; fileRef = 3B90DDA31CD275E400BCD85A /* Util.swift */; };
		3B90DDA71CD2761C00BCD85A /* Model.swift in Sources */ = {isa = PBXBuildFile; fileRef = 3B90DDA61CD2761C00BCD85A /* Model.swift */; };
		3BACD49A1D1D6D920069A9D8 /* Importer.swift in Sources */ = {isa = PBXBuildFile; fileRef = 3BACD4991D1D6D920069A9D8 /* Importer.swift */; };
		3BACD49C1D1D6DFA0069A9D8 /* XMLParser.swift in Sources */ = {isa = PBXBuildFile; fileRef = 3BACD49B1D1D6DFA0069A9D8 /* XMLParser.swift */; };
		3BF7E0AF1D0DC207007FD67D /* Sample3.csv in Resources */ = {isa = PBXBuildFile; fileRef = 3BF7E0AE1D0DC207007FD67D /* Sample3.csv */; };
		4F6CD98927038BF4B3B8E40D /* Pods_Uploader.framework in Frameworks */ = {isa = PBXBuildFile; fileRef = C8F9C637F3579A531282C054 /* Pods_Uploader.framework */; };
/* End PBXBuildFile section */

/* Begin PBXFileReference section */
		3B089CD11CFF7A70002ADC41 /* Sample4.csv */ = {isa = PBXFileReference; fileEncoding = 4; lastKnownFileType = text; name = Sample4.csv; path = ../Code/Sample4.csv; sourceTree = "<group>"; };
		3B089CD31CFF7A70002ADC41 /* Sample1.csv */ = {isa = PBXFileReference; fileEncoding = 4; lastKnownFileType = text; name = Sample1.csv; path = ../Code/Sample1.csv; sourceTree = "<group>"; };
		3B089CD41CFF7A70002ADC41 /* Sample2.csv */ = {isa = PBXFileReference; fileEncoding = 4; lastKnownFileType = text; name = Sample2.csv; path = ../Code/Sample2.csv; sourceTree = "<group>"; };
		3B41F2481CD7DDE700A70AD8 /* MainViewController.swift */ = {isa = PBXFileReference; fileEncoding = 4; lastKnownFileType = sourcecode.swift; name = MainViewController.swift; path = ../Code/MainViewController.swift; sourceTree = "<group>"; };
		3B6A27A41D1D86C200C57FCF /* JavaIntro.xml */ = {isa = PBXFileReference; fileEncoding = 4; lastKnownFileType = text.xml; name = JavaIntro.xml; path = ../Code/JavaIntro.xml; sourceTree = "<group>"; };
		3B90DD8B1CD273B900BCD85A /* Uploader.app */ = {isa = PBXFileReference; explicitFileType = wrapper.application; includeInIndex = 0; path = Uploader.app; sourceTree = BUILT_PRODUCTS_DIR; };
		3B90DD8E1CD273B900BCD85A /* AppDelegate.swift */ = {isa = PBXFileReference; lastKnownFileType = sourcecode.swift; name = AppDelegate.swift; path = ../Code/AppDelegate.swift; sourceTree = "<group>"; };
		3B90DD931CD273B900BCD85A /* Base */ = {isa = PBXFileReference; lastKnownFileType = file.storyboard; name = Base; path = Base.lproj/Main.storyboard; sourceTree = "<group>"; };
		3B90DD951CD273B900BCD85A /* Assets.xcassets */ = {isa = PBXFileReference; lastKnownFileType = folder.assetcatalog; name = Assets.xcassets; path = ../Code/Assets.xcassets; sourceTree = "<group>"; };
		3B90DD981CD273B900BCD85A /* Base */ = {isa = PBXFileReference; lastKnownFileType = file.storyboard; name = Base; path = Base.lproj/LaunchScreen.storyboard; sourceTree = "<group>"; };
		3B90DD9A1CD273B900BCD85A /* Info.plist */ = {isa = PBXFileReference; lastKnownFileType = text.plist.xml; name = Info.plist; path = ../Code/Info.plist; sourceTree = "<group>"; };
		3B90DDA01CD275C800BCD85A /* CSVParser.swift */ = {isa = PBXFileReference; fileEncoding = 4; lastKnownFileType = sourcecode.swift; name = CSVParser.swift; path = ../Code/CSVParser.swift; sourceTree = "<group>"; };
		3B90DDA21CD275E400BCD85A /* CloudLink.swift */ = {isa = PBXFileReference; fileEncoding = 4; lastKnownFileType = sourcecode.swift; name = CloudLink.swift; path = ../Code/CloudLink.swift; sourceTree = "<group>"; };
		3B90DDA31CD275E400BCD85A /* Util.swift */ = {isa = PBXFileReference; fileEncoding = 4; lastKnownFileType = sourcecode.swift; name = Util.swift; path = ../Code/Util.swift; sourceTree = "<group>"; };
		3B90DDA61CD2761C00BCD85A /* Model.swift */ = {isa = PBXFileReference; fileEncoding = 4; lastKnownFileType = sourcecode.swift; name = Model.swift; path = ../Code/Model.swift; sourceTree = "<group>"; };
		3BACD4991D1D6D920069A9D8 /* Importer.swift */ = {isa = PBXFileReference; fileEncoding = 4; lastKnownFileType = sourcecode.swift; name = Importer.swift; path = ../Code/Importer.swift; sourceTree = "<group>"; };
		3BACD49B1D1D6DFA0069A9D8 /* XMLParser.swift */ = {isa = PBXFileReference; fileEncoding = 4; lastKnownFileType = sourcecode.swift; name = XMLParser.swift; path = ../Code/XMLParser.swift; sourceTree = "<group>"; };
		3BF7E0AE1D0DC207007FD67D /* Sample3.csv */ = {isa = PBXFileReference; fileEncoding = 4; lastKnownFileType = text; name = Sample3.csv; path = ../Code/Sample3.csv; sourceTree = "<group>"; };
		C8F9C637F3579A531282C054 /* Pods_Uploader.framework */ = {isa = PBXFileReference; explicitFileType = wrapper.framework; includeInIndex = 0; path = Pods_Uploader.framework; sourceTree = BUILT_PRODUCTS_DIR; };
		E3818ACC16BC2E644FD07D8D /* Pods-Uploader.release.xcconfig */ = {isa = PBXFileReference; includeInIndex = 1; lastKnownFileType = text.xcconfig; name = "Pods-Uploader.release.xcconfig"; path = "Pods/Target Support Files/Pods-Uploader/Pods-Uploader.release.xcconfig"; sourceTree = "<group>"; };
		F17699453CDEE150518979DB /* Pods-Uploader.debug.xcconfig */ = {isa = PBXFileReference; includeInIndex = 1; lastKnownFileType = text.xcconfig; name = "Pods-Uploader.debug.xcconfig"; path = "Pods/Target Support Files/Pods-Uploader/Pods-Uploader.debug.xcconfig"; sourceTree = "<group>"; };
/* End PBXFileReference section */

/* Begin PBXFrameworksBuildPhase section */
		3B90DD881CD273B900BCD85A /* Frameworks */ = {
			isa = PBXFrameworksBuildPhase;
			buildActionMask = 2147483647;
			files = (
				4F6CD98927038BF4B3B8E40D /* Pods_Uploader.framework in Frameworks */,
			);
			runOnlyForDeploymentPostprocessing = 0;
		};
/* End PBXFrameworksBuildPhase section */

/* Begin PBXGroup section */
		3B90DD821CD273B900BCD85A = {
			isa = PBXGroup;
			children = (
				3B90DD8D1CD273B900BCD85A /* Uploader */,
				3B90DD8C1CD273B900BCD85A /* Products */,
				D3371C6AED8966650A412F6D /* Pods */,
				8A8EB6800A793C623B2F0524 /* Frameworks */,
			);
			sourceTree = "<group>";
		};
		3B90DD8C1CD273B900BCD85A /* Products */ = {
			isa = PBXGroup;
			children = (
				3B90DD8B1CD273B900BCD85A /* Uploader.app */,
			);
			name = Products;
			sourceTree = "<group>";
		};
		3B90DD8D1CD273B900BCD85A /* Uploader */ = {
			isa = PBXGroup;
			children = (
				3B41F2481CD7DDE700A70AD8 /* MainViewController.swift */,
				3B90DD8E1CD273B900BCD85A /* AppDelegate.swift */,
				3BE3B4E31D254BDF002A87AA /* Sample Data */,
				3BE3B4E41D254BEF002A87AA /* Importer */,
				3BE3B4E51D254C3E002A87AA /* Helper Classes */,
				3B90DD921CD273B900BCD85A /* Main.storyboard */,
				3B90DD951CD273B900BCD85A /* Assets.xcassets */,
				3B90DD971CD273B900BCD85A /* LaunchScreen.storyboard */,
				3B90DD9A1CD273B900BCD85A /* Info.plist */,
			);
			path = Uploader;
			sourceTree = "<group>";
		};
		3BE3B4E31D254BDF002A87AA /* Sample Data */ = {
			isa = PBXGroup;
			children = (
				3B089CD11CFF7A70002ADC41 /* Sample4.csv */,
				3BF7E0AE1D0DC207007FD67D /* Sample3.csv */,
				3B089CD31CFF7A70002ADC41 /* Sample1.csv */,
				3B089CD41CFF7A70002ADC41 /* Sample2.csv */,
				3B6A27A41D1D86C200C57FCF /* JavaIntro.xml */,
			);
			name = "Sample Data";
			sourceTree = "<group>";
		};
		3BE3B4E41D254BEF002A87AA /* Importer */ = {
			isa = PBXGroup;
			children = (
				3B90DDA01CD275C800BCD85A /* CSVParser.swift */,
				3BACD49B1D1D6DFA0069A9D8 /* XMLParser.swift */,
				3BACD4991D1D6D920069A9D8 /* Importer.swift */,
			);
			name = Importer;
			sourceTree = "<group>";
		};
		3BE3B4E51D254C3E002A87AA /* Helper Classes */ = {
			isa = PBXGroup;
			children = (
				3B90DDA61CD2761C00BCD85A /* Model.swift */,
				3B90DDA21CD275E400BCD85A /* CloudLink.swift */,
				3B90DDA31CD275E400BCD85A /* Util.swift */,
			);
			name = "Helper Classes";
			sourceTree = "<group>";
		};
		8A8EB6800A793C623B2F0524 /* Frameworks */ = {
			isa = PBXGroup;
			children = (
				C8F9C637F3579A531282C054 /* Pods_Uploader.framework */,
			);
			name = Frameworks;
			sourceTree = "<group>";
		};
		D3371C6AED8966650A412F6D /* Pods */ = {
			isa = PBXGroup;
			children = (
				F17699453CDEE150518979DB /* Pods-Uploader.debug.xcconfig */,
				E3818ACC16BC2E644FD07D8D /* Pods-Uploader.release.xcconfig */,
			);
			name = Pods;
			sourceTree = "<group>";
		};
/* End PBXGroup section */

/* Begin PBXNativeTarget section */
		3B90DD8A1CD273B900BCD85A /* Uploader */ = {
			isa = PBXNativeTarget;
			buildConfigurationList = 3B90DD9D1CD273B900BCD85A /* Build configuration list for PBXNativeTarget "Uploader" */;
			buildPhases = (
				BD96B1814DAB2E41F9BFCC3F /* [CP] Check Pods Manifest.lock */,
				3B90DD871CD273B900BCD85A /* Sources */,
				3B90DD881CD273B900BCD85A /* Frameworks */,
				3B90DD891CD273B900BCD85A /* Resources */,
				4C973958AC6E0C1227BE4F8E /* [CP] Embed Pods Frameworks */,
				407C325942B15866FB1811AD /* [CP] Copy Pods Resources */,
			);
			buildRules = (
			);
			dependencies = (
			);
			name = Uploader;
			productName = Uploader;
			productReference = 3B90DD8B1CD273B900BCD85A /* Uploader.app */;
			productType = "com.apple.product-type.application";
		};
/* End PBXNativeTarget section */

/* Begin PBXProject section */
		3B90DD831CD273B900BCD85A /* Project object */ = {
			isa = PBXProject;
			attributes = {
				LastSwiftUpdateCheck = 0730;
				LastUpgradeCheck = 0730;
				ORGANIZATIONNAME = "Johannes Berger";
				TargetAttributes = {
					3B90DD8A1CD273B900BCD85A = {
						CreatedOnToolsVersion = 7.3;
						DevelopmentTeam = 8VQSK4NTQK;
					};
				};
			};
			buildConfigurationList = 3B90DD861CD273B900BCD85A /* Build configuration list for PBXProject "Uploader" */;
			compatibilityVersion = "Xcode 3.2";
			developmentRegion = English;
			hasScannedForEncodings = 0;
			knownRegions = (
				en,
				Base,
			);
			mainGroup = 3B90DD821CD273B900BCD85A;
			productRefGroup = 3B90DD8C1CD273B900BCD85A /* Products */;
			projectDirPath = "";
			projectRoot = "";
			targets = (
				3B90DD8A1CD273B900BCD85A /* Uploader */,
			);
		};
/* End PBXProject section */

/* Begin PBXResourcesBuildPhase section */
		3B90DD891CD273B900BCD85A /* Resources */ = {
			isa = PBXResourcesBuildPhase;
			buildActionMask = 2147483647;
			files = (
				3B90DD991CD273B900BCD85A /* LaunchScreen.storyboard in Resources */,
				3B90DD961CD273B900BCD85A /* Assets.xcassets in Resources */,
				3B6A27A51D1D86C200C57FCF /* JavaIntro.xml in Resources */,
				3BF7E0AF1D0DC207007FD67D /* Sample3.csv in Resources */,
				3B089CD71CFF7A70002ADC41 /* Sample1.csv in Resources */,
				3B90DD941CD273B900BCD85A /* Main.storyboard in Resources */,
				3B089CD51CFF7A70002ADC41 /* Sample4.csv in Resources */,
				3B089CD81CFF7A70002ADC41 /* Sample2.csv in Resources */,
			);
			runOnlyForDeploymentPostprocessing = 0;
		};
/* End PBXResourcesBuildPhase section */

/* Begin PBXShellScriptBuildPhase section */
		407C325942B15866FB1811AD /* [CP] Copy Pods Resources */ = {
			isa = PBXShellScriptBuildPhase;
			buildActionMask = 2147483647;
			files = (
			);
			inputPaths = (
			);
			name = "[CP] Copy Pods Resources";
			outputPaths = (
			);
			runOnlyForDeploymentPostprocessing = 0;
			shellPath = /bin/sh;
			shellScript = "\"${SRCROOT}/Pods/Target Support Files/Pods-Uploader/Pods-Uploader-resources.sh\"\n";
			showEnvVarsInLog = 0;
		};
		4C973958AC6E0C1227BE4F8E /* [CP] Embed Pods Frameworks */ = {
			isa = PBXShellScriptBuildPhase;
			buildActionMask = 2147483647;
			files = (
			);
			inputPaths = (
			);
			name = "[CP] Embed Pods Frameworks";
			outputPaths = (
			);
			runOnlyForDeploymentPostprocessing = 0;
			shellPath = /bin/sh;
			shellScript = "\"${SRCROOT}/Pods/Target Support Files/Pods-Uploader/Pods-Uploader-frameworks.sh\"\n";
			showEnvVarsInLog = 0;
		};
		BD96B1814DAB2E41F9BFCC3F /* [CP] Check Pods Manifest.lock */ = {
			isa = PBXShellScriptBuildPhase;
			buildActionMask = 2147483647;
			files = (
			);
			inputPaths = (
			);
			name = "[CP] Check Pods Manifest.lock";
			outputPaths = (
			);
			runOnlyForDeploymentPostprocessing = 0;
			shellPath = /bin/sh;
			shellScript = "diff \"${PODS_ROOT}/../Podfile.lock\" \"${PODS_ROOT}/Manifest.lock\" > /dev/null\nif [[ $? != 0 ]] ; then\n    cat << EOM\nerror: The sandbox is not in sync with the Podfile.lock. Run 'pod install' or update your CocoaPods installation.\nEOM\n    exit 1\nfi\n";
			showEnvVarsInLog = 0;
		};
/* End PBXShellScriptBuildPhase section */

/* Begin PBXSourcesBuildPhase section */
		3B90DD871CD273B900BCD85A /* Sources */ = {
			isa = PBXSourcesBuildPhase;
			buildActionMask = 2147483647;
			files = (
				3B90DD8F1CD273B900BCD85A /* AppDelegate.swift in Sources */,
				3BACD49C1D1D6DFA0069A9D8 /* XMLParser.swift in Sources */,
				3B90DDA51CD275E400BCD85A /* Util.swift in Sources */,
				3BACD49A1D1D6D920069A9D8 /* Importer.swift in Sources */,
				3B90DDA71CD2761C00BCD85A /* Model.swift in Sources */,
				3B41F2491CD7DDE700A70AD8 /* MainViewController.swift in Sources */,
				3B90DDA11CD275C800BCD85A /* CSVParser.swift in Sources */,
				3B90DDA41CD275E400BCD85A /* CloudLink.swift in Sources */,
			);
			runOnlyForDeploymentPostprocessing = 0;
		};
/* End PBXSourcesBuildPhase section */

/* Begin PBXVariantGroup section */
		3B90DD921CD273B900BCD85A /* Main.storyboard */ = {
			isa = PBXVariantGroup;
			children = (
				3B90DD931CD273B900BCD85A /* Base */,
			);
			name = Main.storyboard;
			path = ../Code;
			sourceTree = "<group>";
		};
		3B90DD971CD273B900BCD85A /* LaunchScreen.storyboard */ = {
			isa = PBXVariantGroup;
			children = (
				3B90DD981CD273B900BCD85A /* Base */,
			);
			name = LaunchScreen.storyboard;
			path = ../Code;
			sourceTree = "<group>";
		};
/* End PBXVariantGroup section */

/* Begin XCBuildConfiguration section */
		3B90DD9B1CD273B900BCD85A /* Debug */ = {
			isa = XCBuildConfiguration;
			buildSettings = {
				ALWAYS_SEARCH_USER_PATHS = NO;
				CLANG_ANALYZER_NONNULL = YES;
				CLANG_CXX_LANGUAGE_STANDARD = "gnu++0x";
				CLANG_CXX_LIBRARY = "libc++";
				CLANG_ENABLE_MODULES = YES;
				CLANG_ENABLE_OBJC_ARC = YES;
				CLANG_WARN_BOOL_CONVERSION = YES;
				CLANG_WARN_CONSTANT_CONVERSION = YES;
				CLANG_WARN_DIRECT_OBJC_ISA_USAGE = YES_ERROR;
				CLANG_WARN_EMPTY_BODY = YES;
				CLANG_WARN_ENUM_CONVERSION = YES;
				CLANG_WARN_INT_CONVERSION = YES;
				CLANG_WARN_OBJC_ROOT_CLASS = YES_ERROR;
				CLANG_WARN_UNREACHABLE_CODE = YES;
				CLANG_WARN__DUPLICATE_METHOD_MATCH = YES;
				"CODE_SIGN_IDENTITY[sdk=iphoneos*]" = "iPhone Developer";
				COPY_PHASE_STRIP = NO;
				DEBUG_INFORMATION_FORMAT = dwarf;
				ENABLE_STRICT_OBJC_MSGSEND = YES;
				ENABLE_TESTABILITY = YES;
				GCC_C_LANGUAGE_STANDARD = gnu99;
				GCC_DYNAMIC_NO_PIC = NO;
				GCC_NO_COMMON_BLOCKS = YES;
				GCC_OPTIMIZATION_LEVEL = 0;
				GCC_PREPROCESSOR_DEFINITIONS = (
					"DEBUG=1",
					"$(inherited)",
				);
				GCC_WARN_64_TO_32_BIT_CONVERSION = YES;
				GCC_WARN_ABOUT_RETURN_TYPE = YES_ERROR;
				GCC_WARN_UNDECLARED_SELECTOR = YES;
				GCC_WARN_UNINITIALIZED_AUTOS = YES_AGGRESSIVE;
				GCC_WARN_UNUSED_FUNCTION = YES;
				GCC_WARN_UNUSED_VARIABLE = YES;
				IPHONEOS_DEPLOYMENT_TARGET = 9.3;
				MTL_ENABLE_DEBUG_INFO = YES;
				ONLY_ACTIVE_ARCH = YES;
				SDKROOT = iphoneos;
				SWIFT_OPTIMIZATION_LEVEL = "-Onone";
			};
			name = Debug;
		};
		3B90DD9C1CD273B900BCD85A /* Release */ = {
			isa = XCBuildConfiguration;
			buildSettings = {
				ALWAYS_SEARCH_USER_PATHS = NO;
				CLANG_ANALYZER_NONNULL = YES;
				CLANG_CXX_LANGUAGE_STANDARD = "gnu++0x";
				CLANG_CXX_LIBRARY = "libc++";
				CLANG_ENABLE_MODULES = YES;
				CLANG_ENABLE_OBJC_ARC = YES;
				CLANG_WARN_BOOL_CONVERSION = YES;
				CLANG_WARN_CONSTANT_CONVERSION = YES;
				CLANG_WARN_DIRECT_OBJC_ISA_USAGE = YES_ERROR;
				CLANG_WARN_EMPTY_BODY = YES;
				CLANG_WARN_ENUM_CONVERSION = YES;
				CLANG_WARN_INT_CONVERSION = YES;
				CLANG_WARN_OBJC_ROOT_CLASS = YES_ERROR;
				CLANG_WARN_UNREACHABLE_CODE = YES;
				CLANG_WARN__DUPLICATE_METHOD_MATCH = YES;
				"CODE_SIGN_IDENTITY[sdk=iphoneos*]" = "iPhone Developer";
				COPY_PHASE_STRIP = NO;
				DEBUG_INFORMATION_FORMAT = "dwarf-with-dsym";
				ENABLE_NS_ASSERTIONS = NO;
				ENABLE_STRICT_OBJC_MSGSEND = YES;
				GCC_C_LANGUAGE_STANDARD = gnu99;
				GCC_NO_COMMON_BLOCKS = YES;
				GCC_WARN_64_TO_32_BIT_CONVERSION = YES;
				GCC_WARN_ABOUT_RETURN_TYPE = YES_ERROR;
				GCC_WARN_UNDECLARED_SELECTOR = YES;
				GCC_WARN_UNINITIALIZED_AUTOS = YES_AGGRESSIVE;
				GCC_WARN_UNUSED_FUNCTION = YES;
				GCC_WARN_UNUSED_VARIABLE = YES;
				IPHONEOS_DEPLOYMENT_TARGET = 9.3;
				MTL_ENABLE_DEBUG_INFO = NO;
				SDKROOT = iphoneos;
				VALIDATE_PRODUCT = YES;
			};
			name = Release;
		};
		3B90DD9E1CD273B900BCD85A /* Debug */ = {
			isa = XCBuildConfiguration;
			baseConfigurationReference = F17699453CDEE150518979DB /* Pods-Uploader.debug.xcconfig */;
			buildSettings = {
				ASSETCATALOG_COMPILER_APPICON_NAME = AppIcon;
				INFOPLIST_FILE = Code/Info.plist;
				LD_RUNPATH_SEARCH_PATHS = "$(inherited) @executable_path/Frameworks";
				PRODUCT_BUNDLE_IDENTIFIER = test.Xaaris.Uploader;
				PRODUCT_NAME = "$(TARGET_NAME)";
			};
			name = Debug;
		};
		3B90DD9F1CD273B900BCD85A /* Release */ = {
			isa = XCBuildConfiguration;
			baseConfigurationReference = E3818ACC16BC2E644FD07D8D /* Pods-Uploader.release.xcconfig */;
			buildSettings = {
				ASSETCATALOG_COMPILER_APPICON_NAME = AppIcon;
				INFOPLIST_FILE = Code/Info.plist;
				LD_RUNPATH_SEARCH_PATHS = "$(inherited) @executable_path/Frameworks";
				PRODUCT_BUNDLE_IDENTIFIER = test.Xaaris.Uploader;
				PRODUCT_NAME = "$(TARGET_NAME)";
			};
			name = Release;
		};
/* End XCBuildConfiguration section */

/* Begin XCConfigurationList section */
		3B90DD861CD273B900BCD85A /* Build configuration list for PBXProject "Uploader" */ = {
			isa = XCConfigurationList;
			buildConfigurations = (
				3B90DD9B1CD273B900BCD85A /* Debug */,
				3B90DD9C1CD273B900BCD85A /* Release */,
			);
			defaultConfigurationIsVisible = 0;
			defaultConfigurationName = Release;
		};
		3B90DD9D1CD273B900BCD85A /* Build configuration list for PBXNativeTarget "Uploader" */ = {
			isa = XCConfigurationList;
			buildConfigurations = (
				3B90DD9E1CD273B900BCD85A /* Debug */,
				3B90DD9F1CD273B900BCD85A /* Release */,
			);
			defaultConfigurationIsVisible = 0;
			defaultConfigurationName = Release;
		};
/* End XCConfigurationList section */
	};
	rootObject = 3B90DD831CD273B900BCD85A /* Project object */;
}
